{
  "version": "4",
  "specifiers": {
    "jsr:@oak/commons@1": "1.0.0",
    "jsr:@oak/oak@^17.1.4": "17.1.4",
    "jsr:@std/assert@1": "1.0.10",
    "jsr:@std/async@1": "1.0.9",
    "jsr:@std/bytes@1": "1.0.4",
    "jsr:@std/bytes@^1.0.2-rc.3": "1.0.4",
    "jsr:@std/crypto@1": "1.0.3",
    "jsr:@std/encoding@1": "1.0.6",
    "jsr:@std/encoding@^1.0.5": "1.0.6",
    "jsr:@std/http@1": "1.0.12",
    "jsr:@std/internal@^1.0.5": "1.0.5",
    "jsr:@std/io@0.224.5": "0.224.5",
    "jsr:@std/media-types@1": "1.1.0",
    "jsr:@std/path@1": "1.0.8",
    "npm:@types/node@*": "22.5.4",
    "npm:path-to-regexp@^6.3.0": "6.3.0",
    "npm:redis@^4.5.0": "4.7.0_@redis+client@1.6.0"
  },
  "jsr": {
    "@oak/commons@1.0.0": {
      "integrity": "49805b55603c3627a9d6235c0655aa2b6222d3036b3a13ff0380c16368f607ac",
      "dependencies": [
        "jsr:@std/assert",
        "jsr:@std/bytes@1",
        "jsr:@std/crypto",
        "jsr:@std/encoding@1",
        "jsr:@std/http",
        "jsr:@std/media-types"
      ]
    },
    "@oak/oak@17.1.4": {
      "integrity": "60530b582bf276ff741e39cc664026781aa08dd5f2bc5134d756cc427bf2c13e",
      "dependencies": [
        "jsr:@oak/commons",
        "jsr:@std/assert",
        "jsr:@std/bytes@1",
        "jsr:@std/http",
        "jsr:@std/media-types",
        "jsr:@std/path",
        "npm:path-to-regexp"
      ]
    },
    "@std/assert@1.0.10": {
      "integrity": "59b5cbac5bd55459a19045d95cc7c2ff787b4f8527c0dd195078ff6f9481fbb3",
      "dependencies": [
        "jsr:@std/internal"
      ]
    },
    "@std/async@1.0.9": {
      "integrity": "c6472fd0623b3f3daae023cdf7ca5535e1b721dfbf376562c0c12b3fb4867f91"
    },
    "@std/bytes@1.0.4": {
      "integrity": "11a0debe522707c95c7b7ef89b478c13fb1583a7cfb9a85674cd2cc2e3a28abc"
    },
    "@std/crypto@1.0.3": {
      "integrity": "a2a32f51ddef632d299e3879cd027c630dcd4d1d9a5285d6e6788072f4e51e7f"
    },
    "@std/encoding@1.0.6": {
      "integrity": "ca87122c196e8831737d9547acf001766618e78cd8c33920776c7f5885546069"
    },
    "@std/http@1.0.12": {
      "integrity": "85246d8bfe9c8e2538518725b158bdc31f616e0869255f4a8d9e3de919cab2aa",
      "dependencies": [
        "jsr:@std/encoding@^1.0.5"
      ]
    },
    "@std/internal@1.0.5": {
      "integrity": "54a546004f769c1ac9e025abd15a76b6671ddc9687e2313b67376125650dc7ba"
    },
    "@std/io@0.224.5": {
      "integrity": "cb84fe655d1273fca94efcff411465027a8b0b4225203f19d6ee98d9c8920a2d",
      "dependencies": [
        "jsr:@std/bytes@^1.0.2-rc.3"
      ]
    },
    "@std/media-types@1.1.0": {
      "integrity": "c9d093f0c05c3512932b330e3cc1fe1d627b301db33a4c2c2185c02471d6eaa4"
    },
    "@std/path@1.0.8": {
      "integrity": "548fa456bb6a04d3c1a1e7477986b6cffbce95102d0bb447c67c4ee70e0364be"
    }
  },
  "npm": {
    "@redis/bloom@1.2.0_@redis+client@1.6.0": {
      "integrity": "sha512-HG2DFjYKbpNmVXsa0keLHp/3leGJz1mjh09f2RLGGLQZzSHpkmZWuwJbAvo3QcRY8p80m5+ZdXZdYOSBLlp7Cg==",
      "dependencies": [
        "@redis/client"
      ]
    },
    "@redis/client@1.6.0": {
      "integrity": "sha512-aR0uffYI700OEEH4gYnitAnv3vzVGXCFvYfdpu/CJKvk4pHfLPEy/JSZyrpQ+15WhXe1yJRXLtfQ84s4mEXnPg==",
      "dependencies": [
        "cluster-key-slot",
        "generic-pool",
        "yallist"
      ]
    },
    "@redis/graph@1.1.1_@redis+client@1.6.0": {
      "integrity": "sha512-FEMTcTHZozZciLRl6GiiIB4zGm5z5F3F6a6FZCyrfxdKOhFlGkiAqlexWMBzCi4DcRoyiOsuLfW+cjlGWyExOw==",
      "dependencies": [
        "@redis/client"
      ]
    },
    "@redis/json@1.0.7_@redis+client@1.6.0": {
      "integrity": "sha512-6UyXfjVaTBTJtKNG4/9Z8PSpKE6XgSyEb8iwaqDcy+uKrd/DGYHTWkUdnQDyzm727V7p21WUMhsqz5oy65kPcQ==",
      "dependencies": [
        "@redis/client"
      ]
    },
    "@redis/search@1.2.0_@redis+client@1.6.0": {
      "integrity": "sha512-tYoDBbtqOVigEDMAcTGsRlMycIIjwMCgD8eR2t0NANeQmgK/lvxNAvYyb6bZDD4frHRhIHkJu2TBRvB0ERkOmw==",
      "dependencies": [
        "@redis/client"
      ]
    },
    "@redis/time-series@1.1.0_@redis+client@1.6.0": {
      "integrity": "sha512-c1Q99M5ljsIuc4YdaCwfUEXsofakb9c8+Zse2qxTadu8TalLXuAESzLvFAvNVbkmSlvlzIQOLpBCmWI9wTOt+g==",
      "dependencies": [
        "@redis/client"
      ]
    },
    "@types/node@22.5.4": {
      "integrity": "sha512-FDuKUJQm/ju9fT/SeX/6+gBzoPzlVCzfzmGkwKvRHQVxi4BntVbyIwf6a4Xn62mrvndLiml6z/UBXIdEVjQLXg==",
      "dependencies": [
        "undici-types"
      ]
    },
    "cluster-key-slot@1.1.2": {
      "integrity": "sha512-RMr0FhtfXemyinomL4hrWcYJxmX6deFdCxpJzhDttxgO1+bcCnkk+9drydLVDmAMG7NE6aN/fl4F7ucU/90gAA=="
    },
    "generic-pool@3.9.0": {
      "integrity": "sha512-hymDOu5B53XvN4QT9dBmZxPX4CWhBPPLguTZ9MMFeFa/Kg0xWVfylOVNlJji/E7yTZWFd/q9GO5TxDLq156D7g=="
    },
    "path-to-regexp@6.3.0": {
      "integrity": "sha512-Yhpw4T9C6hPpgPeA28us07OJeqZ5EzQTkbfwuhsUg0c237RomFoETJgmp2sa3F/41gfLE6G5cqcYwznmeEeOlQ=="
    },
    "redis@4.7.0_@redis+client@1.6.0": {
      "integrity": "sha512-zvmkHEAdGMn+hMRXuMBtu4Vo5P6rHQjLoHftu+lBqq8ZTA3RCVC/WzD790bkKKiNFp7d5/9PcSD19fJyyRvOdQ==",
      "dependencies": [
        "@redis/bloom",
        "@redis/client",
        "@redis/graph",
        "@redis/json",
        "@redis/search",
        "@redis/time-series"
      ]
    },
    "undici-types@6.19.8": {
      "integrity": "sha512-ve2KP6f/JnbPBFyobGHuerC9g1FYGn/F8n1LWTwNxCEzd6IfqTwUQcNXgEtmmQ6DlRrC1hrSrBnCZPokRrDHjw=="
    },
    "yallist@4.0.0": {
      "integrity": "sha512-3wdGidZyq5PB084XLES5TpOSRA3wjXAlIWMhum2kRcv/41Sn2emQ0dycQW4uZXLejwKvg6EsvbdlVL+FYEct7A=="
    }
  },
  "redirects": {
    "https://deno.land/x/oak/mod.ts": "https://deno.land/x/oak@v17.1.4/mod.ts",
    "https://deno.land/x/r2d2/mod.ts": "https://deno.land/x/r2d2@v2.0.0/mod.ts",
    "https://denopkg.com/keroxp/deno-redis/mod.ts": "https://denopkg.com/keroxp/deno-redis@master/mod.ts"
  },
  "remote": {
    "https://deno.land/std@0.187.0/_util/asserts.ts": "178dfc49a464aee693a7e285567b3d0b555dc805ff490505a8aae34f9cfb1462",
    "https://deno.land/std@0.187.0/async/deferred.ts": "42790112f36a75a57db4a96d33974a936deb7b04d25c6084a9fa8a49f135def8",
    "https://deno.land/std@0.187.0/async/delay.ts": "73aa04cec034c84fc748c7be49bb15cac3dd43a57174bfdb7a4aec22c248f0dd",
    "https://deno.land/std@0.187.0/bytes/copy.ts": "939d89e302a9761dcf1d9c937c7711174ed74c59eef40a1e4569a05c9de88219",
    "https://deno.land/std@0.187.0/io/buf_reader.ts": "06fff3337091c49e99ebd2dd790c9a90364c087a2953ea081667400fd6c6cebb",
    "https://deno.land/std@0.187.0/io/buf_writer.ts": "48c33c8f00b61dcbc7958706741cec8e59810bd307bc6a326cbd474fe8346dfd",
    "https://deno.land/std@0.200.0/assert/assert.ts": "9a97dad6d98c238938e7540736b826440ad8c1c1e54430ca4c4e623e585607ee",
    "https://deno.land/std@0.200.0/assert/assertion_error.ts": "4d0bde9b374dfbcbe8ac23f54f567b77024fb67dbb1906a852d67fe050d42f56",
    "https://deno.land/std@0.200.0/flags/mod.ts": "a5ac18af6583404f21ea03771f8816669d901e0ff4374020870334d6f61d73d5",
    "https://deno.land/std@0.203.0/bytes/bytes_list.ts": "ecf5098c230b793970f43c06e8f30d70b937c031658365aeb3de9a8ae4d406a3",
    "https://deno.land/std@0.203.0/bytes/concat.ts": "d26d6f3d7922e6d663dacfcd357563b7bf4a380ce5b9c2bbe0c8586662f25ce2",
    "https://deno.land/std@0.203.0/collections/chunk.ts": "f82c52a82ad9338018570c42f6de0fb132fcb14914c31a444e360ac104d7b55b",
    "https://deno.land/std@0.203.0/io/read_delim.ts": "8ea988eac1503c7118bfcf00b4e4a422450548af8e18328f6f599553cfe78012",
    "https://deno.land/std@0.203.0/streams/write_all.ts": "4cdd36256f892fe7aead46338054f6ea813a63765e87bda4c60e8c5a57d1c5c1",
    "https://deno.land/std@0.93.0/_util/assert.ts": "2f868145a042a11d5ad0a3c748dcf580add8a0dbc0e876eaa0026303a5488f58",
    "https://deno.land/std@0.93.0/async/deferred.ts": "624bef4b755b71394620508a0c234a93cb8020cbd1b04bfcdad41c174392cef6",
    "https://deno.land/std@0.93.0/async/delay.ts": "9de1d8d07d1927767ab7f82434b883f3d8294fb19cad819691a2ad81a728cf3d",
    "https://deno.land/std@0.93.0/async/mod.ts": "253b41c658d768613eacfb11caa0a9ca7148442f932018a45576f7f27554c853",
    "https://deno.land/std@0.93.0/async/mux_async_iterator.ts": "c405c4c1194f7600189aa81dfe243e165c27f36eaea88a301fa2a74ce974548b",
    "https://deno.land/std@0.93.0/async/pool.ts": "353ce4f91865da203a097aa6f33de8966340c91b6f4a055611c8c5d534afd12f",
    "https://deno.land/std@0.93.0/bytes/mod.ts": "1ae1ccfe98c4b979f12b015982c7444f81fcb921bea7aa215bf37d84f46e1e13",
    "https://deno.land/std@0.93.0/io/buffer.ts": "2a92f02c1d8daaebaf13e5678ea5969c89f4fab533f687b9e7e86f49f11c3118",
    "https://deno.land/std@0.93.0/io/bufio.ts": "729ea49afacd27ed0687451c694752dcaa68250871d1c957ca886ef5d82c461f",
    "https://deno.land/std@0.93.0/io/util.ts": "843ccf667ff291ba2315c2419a54b4e76dbc7c0f6c3152f640eac4dc954e3753",
    "https://deno.land/x/oak@v17.1.4/application.ts": "69fb6462eed013562ee61239e60ea77e5df3abb2b0df34568593b9774d72e98f",
    "https://deno.land/x/oak@v17.1.4/body.ts": "f91d8e0298abbabe6acb543d1090e2a41aa665375918a575d72bd6b98b538e40",
    "https://deno.land/x/oak@v17.1.4/context.ts": "e04c3d67d68ee01a279aeded457b0d66255450593dacab22251e7eb0cf6a92e5",
    "https://deno.land/x/oak@v17.1.4/deps.ts": "c71a9421d2ead7803468cd40559cf122ee91d4e81e8a3a98706956f6654e2550",
    "https://deno.land/x/oak@v17.1.4/http_server_bun.ts": "c7f3eb6464d4f047fcc9335e632ffb6bfc24e5ef7dc9a53017a6e453d4197e4b",
    "https://deno.land/x/oak@v17.1.4/http_server_native.ts": "34bab402cc9b6fdf53706699ac2c2ab88faf5c14be2ae18aa105bdc4fd6a8471",
    "https://deno.land/x/oak@v17.1.4/http_server_native_request.ts": "aa98a2f4bbf6f7651c62eb0332a95a1b0faff1d76f7a07fa8bd600766eb24488",
    "https://deno.land/x/oak@v17.1.4/http_server_node.ts": "bfbf7585fcda5a1464cd0f904ec97cbb4d67367757f3ed8cdc99a590a94b34e1",
    "https://deno.land/x/oak@v17.1.4/middleware.ts": "a701caf9d872b93d26759f77c7ad545cb29bc3d197c8375b79b2fbe7e9e60958",
    "https://deno.land/x/oak@v17.1.4/middleware/etag.ts": "f5cf8eb2a7c99ae7e11a4e31dc60beda398aec7a08be343e0de6b632f8064e4d",
    "https://deno.land/x/oak@v17.1.4/middleware/proxy.ts": "e611b7d45f58a1b2caa1cb6c435774822d7b56aa136b8dbb8691fb52d07c5182",
    "https://deno.land/x/oak@v17.1.4/middleware/serve.ts": "66f1e405ac006bfa863e8852092e03951b93dd4ba8381996a719d93d00aa62fe",
    "https://deno.land/x/oak@v17.1.4/mod.ts": "1f42341a6138310eceaf7b8e9b72be4d2a913817d1e823090dee4e7d27c68e98",
    "https://deno.land/x/oak@v17.1.4/node_shims.ts": "e411aef698dca26dfc577d8581ddab678f528bd52bf681337f3c3bcc73845a0a",
    "https://deno.land/x/oak@v17.1.4/request.ts": "5123fd70841a540809702059527a192d22f78042db1bfc4a01eebd77ec25b0fb",
    "https://deno.land/x/oak@v17.1.4/response.ts": "483f8ddd7618325e6ac28f88a3ea9926a09b3c90fa53b481a7a5202d23a0755f",
    "https://deno.land/x/oak@v17.1.4/router.ts": "e8eb2f88806dfdd303f3a663fefb7d9e614342bf40738692e9ef4b2243e1bccd",
    "https://deno.land/x/oak@v17.1.4/send.ts": "42faed583f218ed85d5da7704f36b385537947ec4de6125e20ad8acbfe8d8f68",
    "https://deno.land/x/oak@v17.1.4/testing.ts": "d6489e78d689da08b9896cd0b9b9add243466b407ce6fd63d38e29f8c0a19f5c",
    "https://deno.land/x/oak@v17.1.4/types.ts": "0e74c6c46e0fcfddd87e90fe0216c4ae50c73b113e06d3bdc4283afc7b2570d6",
    "https://deno.land/x/oak@v17.1.4/utils/clone_state.ts": "5a0784d802b86cc3dbf415dfd286025f03a261b3a8f9b3b6fd671be8e51ff027",
    "https://deno.land/x/oak@v17.1.4/utils/consts.ts": "9e14324837558d7af3d4bfc8ba5f13216a0b5d2f8dac14a3a782bc1bbfb756ef",
    "https://deno.land/x/oak@v17.1.4/utils/create_promise_with_resolvers.ts": "f7eeaf65ffa7b6cef03b8dc3fa3a3e35ae5553c6abf1a2260d7797e076acd63a",
    "https://deno.land/x/oak@v17.1.4/utils/decode.ts": "434802a09534a26cc8b8cd009ecc422b4695d22859021fe34f8093784b2483b7",
    "https://deno.land/x/oak@v17.1.4/utils/decode_component.ts": "d68e6da33bf6e733d218c0b7ce7112520640e836f4cfa2760c4aee8facf1c581",
    "https://deno.land/x/oak@v17.1.4/utils/encode_url.ts": "16b213d70f5e211fb3633f97c704f9613d2f8033669d59e0c9ca4fc26551fad6",
    "https://deno.land/x/oak@v17.1.4/utils/resolve_path.ts": "aa39d54a003b38fee55f340a0cba3f93a7af85b8ddd5fbfb049a98fc0109b36d",
    "https://deno.land/x/oak@v17.1.4/utils/streams.ts": "c85ae197f5046d58d5a3e42221254a6c8e63172f9f01b77631e480e1dcc90e05",
    "https://deno.land/x/oak@v17.1.4/utils/type_guards.ts": "92ab7dae4bc5ce10206fb21ca13bedd13a4638848be15f9752146aedeab1fea4",
    "https://deno.land/x/r2d2@v2.0.0/mod.ts": "9dd57845ed23db1a80e8df3ebaec4bd1ff1a39bbf533b4ee2a40f9c895cd662b",
    "https://deno.land/x/redis@v0.22.0/command.ts": "9eba7aa47e173a5c7ccbfacc1623c2eb0e2e37a487ff5238282a81b8360d63f5",
    "https://deno.land/x/redis@v0.22.0/connection.ts": "ff112405ca31a49dd3371a4d8474ee95a855dd441f4192d8c564efe70ed2b3a1",
    "https://deno.land/x/redis@v0.22.0/errors.ts": "b4d05747d2002190593a8aa436442a9a62beae0a92351c49aeb1f8220c8401cf",
    "https://deno.land/x/redis@v0.22.0/executor.ts": "0e213c21b5e3174a9eeb3b47d7935cdb413a88cb0b489bdbb5b0649e94a62ad5",
    "https://deno.land/x/redis@v0.22.0/mod.ts": "f3134a42e31cd622f7631d4911dfdee3be4dcf7beb0d091558e5943b644caf4b",
    "https://deno.land/x/redis@v0.22.0/pipeline.ts": "ba0818e488fbdf25ed6603f8b776ef5142f7eaa4945deea956f47d5fa3b8a424",
    "https://deno.land/x/redis@v0.22.0/protocol/_util.ts": "0525f7f444a96b92cd36423abdfe221f8d8de4a018dc5cb6750a428a5fc897c2",
    "https://deno.land/x/redis@v0.22.0/protocol/command.ts": "654e57528b11ed8065b44de99c22a621d762f1c3c09b49f9b71b983f664ad2bf",
    "https://deno.land/x/redis@v0.22.0/protocol/mod.ts": "e71efc7e605fc71e2816129e7a40a19a8053dc008adc17b1f56ae6f47e6506c4",
    "https://deno.land/x/redis@v0.22.0/protocol/reply.ts": "a7b9413330b78f72cb8186107884cceab4383f302903435df4107947c4f5066f",
    "https://deno.land/x/redis@v0.22.0/protocol/types.ts": "30bfe5bd1aad4fb4c877f214ab63de2a1910f2f99dddd2e18d9bf7f0b9d5bfd4",
    "https://deno.land/x/redis@v0.22.0/pubsub.ts": "8bad9c41a6935b40cd5ca292179d276cd6687d1700975a18024db6ec61e1bc96",
    "https://deno.land/x/redis@v0.22.0/redis.ts": "b2551eef3476ab0f6ba5ae8dc8555260f5dab62b9fdb1f4a4e351ee643b79b2e",
    "https://deno.land/x/redis@v0.22.0/stream.ts": "c6c332bd36bae5e92c27c69798908e3670e12b85c80fc05b688a12b58d1a96bf",
    "https://deno.land/x/redis@v0.22.0/vendor/https/deno.land/std/async/mod.ts": "fd5d5c918ec23f2674ca14f6a050c57ead9b05301f646a3d9fa5254b5576138e",
    "https://deno.land/x/redis@v0.22.0/vendor/https/deno.land/std/io/buffer.ts": "ca87eb3309cb097b94377b6fcf97b62281009717fd74271ebe0a17fdc43e0350",
    "https://deno.land/x/redis@v0.22.0/vendor/https/deno.land/std/io/bufio.ts": "d4cf47c98a1b3a12d88ea2ba0aabcd2252efea9e6d09b2912039ae71a7225c9e",
    "https://deno.land/x/redis@v0.29.4/backoff.ts": "33e4a6e245f8743fbae0ce583993a671a3ac2ecee433a3e7f0bd77b5dd541d84",
    "https://deno.land/x/redis@v0.29.4/command.ts": "9d1a679821c9065298fc2b8831b6532605426259b17a1f9d41ee9219180244c7",
    "https://deno.land/x/redis@v0.29.4/connection.ts": "335f0aa728b8e0b90353c4015daf5abaa7cae657739eb66cb48324f2d197dcc0",
    "https://deno.land/x/redis@v0.29.4/errors.ts": "589c41fc0fbd9fbac896a2517cf461a6af211432dd4bb77e0681f5a256d46e66",
    "https://deno.land/x/redis@v0.29.4/executor.ts": "0e78c2756f6d14fc0a001bb7527c50c7055880d8e052a9964ecf070a3045f8c7",
    "https://deno.land/x/redis@v0.29.4/mod.ts": "20908f005f5c102525ce6aa9261648c95c5f61c6cf782b2cbb2fce88b1220f69",
    "https://deno.land/x/redis@v0.29.4/pipeline.ts": "80cc26a881149264d51dd019f1044c4ec9012399eca9f516057dc81c9b439370",
    "https://deno.land/x/redis@v0.29.4/protocol/_util.ts": "0525f7f444a96b92cd36423abdfe221f8d8de4a018dc5cb6750a428a5fc897c2",
    "https://deno.land/x/redis@v0.29.4/protocol/command.ts": "610180ecfaad1d99b32c2a1e3fb41521e3374c4eac0314f2b6e27b2cb3d6a4d9",
    "https://deno.land/x/redis@v0.29.4/protocol/mod.ts": "f2601df31d8adc71785b5d19f6a7e43dfce94adbb6735c4dafc1fb129169d11a",
    "https://deno.land/x/redis@v0.29.4/protocol/reply.ts": "4b7432263924ca611f08af818436eafd9433eef07a835bc0338a08def5db1a30",
    "https://deno.land/x/redis@v0.29.4/protocol/types.ts": "6bf515b69712dfd4ab45caf1d0054b8fcdd6e1afb55b2bd9a221e9ecb066f658",
    "https://deno.land/x/redis@v0.29.4/pubsub.ts": "7764195d03a77aa0ee350cf7a955a16e6a023a4ce367f875c6c394e285cbfd9a",
    "https://deno.land/x/redis@v0.29.4/redis.ts": "dd1aed5b604f2514475dd7f78cc06b1f9f9dc17897f6f3ebda72ef3d5227b3be",
    "https://deno.land/x/redis@v0.29.4/stream.ts": "baed5a4e67d7c5c5a6ed424205c3e984383c5eadf74d7e0e068f8694865595e4",
    "https://deno.land/x/redis@v0.29.4/vendor/https/deno.land/std/async/deferred.ts": "028117b747a399f030f6dffd3eb585a8eef5ea813767c5e8968ad3df4d0d5677",
    "https://deno.land/x/redis@v0.29.4/vendor/https/deno.land/std/async/delay.ts": "3e062842ab150df23f26d347ae9871e97348868f345fd7f0cf930e0c0f521ee1",
    "https://deno.land/x/redis@v0.29.4/vendor/https/deno.land/std/io/buf_reader.ts": "b4adfdae8bdca88f5088be289d47c9a9500a37d9566fc78333074f5c49aa36e9",
    "https://deno.land/x/redis@v0.29.4/vendor/https/deno.land/std/io/buf_writer.ts": "12e497b3e1d1634a49744372820bc9831e1f1ad3ea3c349350ab375166b46a23",
    "https://denopkg.com/keroxp/deno-redis@master/backoff.ts": "33e4a6e245f8743fbae0ce583993a671a3ac2ecee433a3e7f0bd77b5dd541d84",
    "https://denopkg.com/keroxp/deno-redis@master/command.ts": "2d1da4b32495ea852bdff0c2e7fd191a056779a696b9f83fb648c5ebac45cfc3",
    "https://denopkg.com/keroxp/deno-redis@master/connection.ts": "cee30a6310298441de17d1028d4ce3fd239dcf05a92294fba7173a922d0596cb",
    "https://denopkg.com/keroxp/deno-redis@master/deps/std/async.ts": "5a588aefb041cca49f0e6b7e3c397119693a3e07bea89c54cf7fe4a412e37bbf",
    "https://denopkg.com/keroxp/deno-redis@master/deps/std/bytes.ts": "f5b437ebcac77600101a81ef457188516e4944b3c2a931dff5ced3fa0c239b62",
    "https://denopkg.com/keroxp/deno-redis@master/deps/std/io.ts": "b7505c5e738384f5f7a021d7bbd78380490c059cc7c83cd8dada1f86ec16e835",
    "https://denopkg.com/keroxp/deno-redis@master/errors.ts": "8293f56a70ea8388cb80b6e1caa15d350ed1719529fc06573b01a443d0caad69",
    "https://denopkg.com/keroxp/deno-redis@master/events.ts": "704767b1beed2d5acfd5e86bd1ef93befdc8a8f8c8bb4ae1b4485664a8a6a625",
    "https://denopkg.com/keroxp/deno-redis@master/executor.ts": "5ac4c1f7bec44d12ebc0f3702bf074bd3ba6c1aae74953582f6358d2948718e7",
    "https://denopkg.com/keroxp/deno-redis@master/internal/encoding.ts": "0525f7f444a96b92cd36423abdfe221f8d8de4a018dc5cb6750a428a5fc897c2",
    "https://denopkg.com/keroxp/deno-redis@master/internal/symbols.ts": "e36097bab1da1c9fe84a3bb9cb0ed1ec10c3dc7dd0b557769c5c54e15d110dd2",
    "https://denopkg.com/keroxp/deno-redis@master/mod.ts": "e11d9384c2ffe1b3d81ce0ad275254519990635ad1ba39f46d49a73b3c35238d",
    "https://denopkg.com/keroxp/deno-redis@master/pipeline.ts": "974fff59bf0befa2ad7eee50ecba40006c47364f5e3285e1335c9f9541b7ebae",
    "https://denopkg.com/keroxp/deno-redis@master/protocol/deno_streams/command.ts": "5c5e5fb639cae22c1f9bfdc87631edcd67bb28bf8590161ae484d293b733aa01",
    "https://denopkg.com/keroxp/deno-redis@master/protocol/deno_streams/mod.ts": "b084bf64d6b795f6c1d0b360d9be221e246a9c033e5d88fd1e82fa14f711d25b",
    "https://denopkg.com/keroxp/deno-redis@master/protocol/deno_streams/reply.ts": "639de34541f207f793393a3cd45f9a23ef308f094d9d3d6ce62f84b175d3af47",
    "https://denopkg.com/keroxp/deno-redis@master/protocol/shared/command.ts": "e75f6be115ff73bd865e01be4e2a28077a9993b1e0c54ed96b6825bfe997d382",
    "https://denopkg.com/keroxp/deno-redis@master/protocol/shared/protocol.ts": "5b9284ee28ec74dfc723c7c7f07dca8d5f9d303414f36689503622dfdde12551",
    "https://denopkg.com/keroxp/deno-redis@master/protocol/shared/reply.ts": "3311ff66357bacbd60785cb43b97539c341d8a7d963bc5e80cb864ac81909ea5",
    "https://denopkg.com/keroxp/deno-redis@master/protocol/shared/types.ts": "c6bf2b9eafd69e358a972823d94b8b478c00bac195b87b33b7437de2a9bb7fb4",
    "https://denopkg.com/keroxp/deno-redis@master/pubsub.ts": "a36892455b0a4a50af169332a165b0985cc90d84486087f036e507e3137b2afb",
    "https://denopkg.com/keroxp/deno-redis@master/redis.ts": "4904772596c8a82d7112092e7edea45243eae38809b2f2ea8db61a4207fe246b",
    "https://denopkg.com/keroxp/deno-redis@master/stream.ts": "d43076815d046eb8428fcd2799544a9fd07b3480099f5fc67d2ba12fdc73725f"
  },
  "workspace": {
    "dependencies": [
      "jsr:@oak/oak@^17.1.4",
      "jsr:@std/assert@1"
    ]
  }
}
